// !$*UTF8*$!
{
	archiveVersion = 1;
	classes = {
	};
	objectVersion = 56;
	objects = {

/* Begin PBXBuildFile section */
		A645D47429EE333800B8170E /* AppDelegate.swift in Sources */ = {isa = PBXBuildFile; fileRef = A645D47329EE333800B8170E /* AppDelegate.swift */; };
		A645D47629EE333800B8170E /* SceneDelegate.swift in Sources */ = {isa = PBXBuildFile; fileRef = A645D47529EE333800B8170E /* SceneDelegate.swift */; };
		A645D47829EE333800B8170E /* ViewController.swift in Sources */ = {isa = PBXBuildFile; fileRef = A645D47729EE333800B8170E /* ViewController.swift */; };
		A645D47B29EE333800B8170E /* Main.storyboard in Resources */ = {isa = PBXBuildFile; fileRef = A645D47929EE333800B8170E /* Main.storyboard */; };
		A645D47D29EE333800B8170E /* Assets.xcassets in Resources */ = {isa = PBXBuildFile; fileRef = A645D47C29EE333800B8170E /* Assets.xcassets */; };
		A645D48029EE333800B8170E /* LaunchScreen.storyboard in Resources */ = {isa = PBXBuildFile; fileRef = A645D47E29EE333800B8170E /* LaunchScreen.storyboard */; };
		A645D48829EF939000B8170E /* HorizontalButtonGroup.swift in Sources */ = {isa = PBXBuildFile; fileRef = A645D48729EF939000B8170E /* HorizontalButtonGroup.swift */; };
		A645D48A29EF944B00B8170E /* HoldableButton.swift in Sources */ = {isa = PBXBuildFile; fileRef = A645D48929EF944B00B8170E /* HoldableButton.swift */; };
		A645D48C29F13E1600B8170E /* PushableButton.swift in Sources */ = {isa = PBXBuildFile; fileRef = A645D48B29F13E1600B8170E /* PushableButton.swift */; };
/* End PBXBuildFile section */

/* Begin PBXFileReference section */
		A645D47029EE333800B8170E /* rich04.app */ = {isa = PBXFileReference; explicitFileType = wrapper.application; includeInIndex = 0; path = rich04.app; sourceTree = BUILT_PRODUCTS_DIR; };
		A645D47329EE333800B8170E /* AppDelegate.swift */ = {isa = PBXFileReference; lastKnownFileType = sourcecode.swift; path = AppDelegate.swift; sourceTree = "<group>"; };
		A645D47529EE333800B8170E /* SceneDelegate.swift */ = {isa = PBXFileReference; lastKnownFileType = sourcecode.swift; path = SceneDelegate.swift; sourceTree = "<group>"; };
		A645D47729EE333800B8170E /* ViewController.swift */ = {isa = PBXFileReference; lastKnownFileType = sourcecode.swift; path = ViewController.swift; sourceTree = "<group>"; };
		A645D47A29EE333800B8170E /* Base */ = {isa = PBXFileReference; lastKnownFileType = file.storyboard; name = Base; path = Base.lproj/Main.storyboard; sourceTree = "<group>"; };
		A645D47C29EE333800B8170E /* Assets.xcassets */ = {isa = PBXFileReference; lastKnownFileType = folder.assetcatalog; path = Assets.xcassets; sourceTree = "<group>"; };
		A645D47F29EE333800B8170E /* Base */ = {isa = PBXFileReference; lastKnownFileType = file.storyboard; name = Base; path = Base.lproj/LaunchScreen.storyboard; sourceTree = "<group>"; };
		A645D48129EE333800B8170E /* Info.plist */ = {isa = PBXFileReference; lastKnownFileType = text.plist.xml; path = Info.plist; sourceTree = "<group>"; };
		A645D48729EF939000B8170E /* HorizontalButtonGroup.swift */ = {isa = PBXFileReference; lastKnownFileType = sourcecode.swift; path = HorizontalButtonGroup.swift; sourceTree = "<group>"; };
		A645D48929EF944B00B8170E /* HoldableButton.swift */ = {isa = PBXFileReference; lastKnownFileType = sourcecode.swift; path = HoldableButton.swift; sourceTree = "<group>"; };
		A645D48B29F13E1600B8170E /* PushableButton.swift */ = {isa = PBXFileReference; lastKnownFileType = sourcecode.swift; path = PushableButton.swift; sourceTree = "<group>"; };
/* End PBXFileReference section */

/* Begin PBXFrameworksBuildPhase section */
		A645D46D29EE333800B8170E /* Frameworks */ = {
			isa = PBXFrameworksBuildPhase;
			buildActionMask = 2147483647;
			files = (
			);
			runOnlyForDeploymentPostprocessing = 0;
		};
/* End PBXFrameworksBuildPhase section */

/* Begin PBXGroup section */
		A645D46729EE333800B8170E = {
			isa = PBXGroup;
			children = (
				A645D47229EE333800B8170E /* rich04 */,
				A645D47129EE333800B8170E /* Products */,
			);
			sourceTree = "<group>";
		};
		A645D47129EE333800B8170E /* Products */ = {
			isa = PBXGroup;
			children = (
				A645D47029EE333800B8170E /* rich04.app */,
			);
			name = Products;
			sourceTree = "<group>";
		};
		A645D47229EE333800B8170E /* rich04 */ = {
			isa = PBXGroup;
			children = (
				A645D47329EE333800B8170E /* AppDelegate.swift */,
				A645D47529EE333800B8170E /* SceneDelegate.swift */,
				A645D47729EE333800B8170E /* ViewController.swift */,
				A645D48729EF939000B8170E /* HorizontalButtonGroup.swift */,
				A645D48929EF944B00B8170E /* HoldableButton.swift */,
				A645D48B29F13E1600B8170E /* PushableButton.swift */,
				A645D47929EE333800B8170E /* Main.storyboard */,
				A645D47C29EE333800B8170E /* Assets.xcassets */,
				A645D47E29EE333800B8170E /* LaunchScreen.storyboard */,
				A645D48129EE333800B8170E /* Info.plist */,
			);
			path = rich04;
			sourceTree = "<group>";
		};
/* End PBXGroup section */

/* Begin PBXNativeTarget section */
		A645D46F29EE333800B8170E /* rich04 */ = {
			isa = PBXNativeTarget;
			buildConfigurationList = A645D48429EE333800B8170E /* Build configuration list for PBXNativeTarget "rich04" */;
			buildPhases = (
				A645D46C29EE333800B8170E /* Sources */,
				A645D46D29EE333800B8170E /* Frameworks */,
				A645D46E29EE333800B8170E /* Resources */,
			);
			buildRules = (
			);
			dependencies = (
			);
			name = rich04;
			productName = rich04;
			productReference = A645D47029EE333800B8170E /* rich04.app */;
			productType = "com.apple.product-type.application";
		};
/* End PBXNativeTarget section */

/* Begin PBXProject section */
		A645D46829EE333800B8170E /* Project object */ = {
			isa = PBXProject;
			attributes = {
				BuildIndependentTargetsInParallel = 1;
				LastSwiftUpdateCheck = 1430;
				LastUpgradeCheck = 1430;
				TargetAttributes = {
					A645D46F29EE333800B8170E = {
						CreatedOnToolsVersion = 14.3;
					};
				};
			};
			buildConfigurationList = A645D46B29EE333800B8170E /* Build configuration list for PBXProject "rich04" */;
			compatibilityVersion = "Xcode 14.0";
			developmentRegion = en;
			hasScannedForEncodings = 0;
			knownRegions = (
				en,
				Base,
			);
			mainGroup = A645D46729EE333800B8170E;
			productRefGroup = A645D47129EE333800B8170E /* Products */;
			projectDirPath = "";
			projectRoot = "";
			targets = (
				A645D46F29EE333800B8170E /* rich04 */,
			);
		};
/* End PBXProject section */

/* Begin PBXResourcesBuildPhase section */
		A645D46E29EE333800B8170E /* Resources */ = {
			isa = PBXResourcesBuildPhase;
			buildActionMask = 2147483647;
			files = (
				A645D48029EE333800B8170E /* LaunchScreen.storyboard in Resources */,
				A645D47D29EE333800B8170E /* Assets.xcassets in Resources */,
				A645D47B29EE333800B8170E /* Main.storyboard in Resources */,
			);
			runOnlyForDeploymentPostprocessing = 0;
		};
/* End PBXResourcesBuildPhase section */

/* Begin PBXSourcesBuildPhase section */
		A645D46C29EE333800B8170E /* Sources */ = {
			isa = PBXSourcesBuildPhase;
			buildActionMask = 2147483647;
			files = (
				A645D47829EE333800B8170E /* ViewController.swift in Sources */,
				A645D48829EF939000B8170E /* HorizontalButtonGroup.swift in Sources */,
				A645D47429EE333800B8170E /* AppDelegate.swift in Sources */,
				A645D47629EE333800B8170E /* SceneDelegate.swift in Sources */,
				A645D48A29EF944B00B8170E /* HoldableButton.swift in Sources */,
				A645D48C29F13E1600B8170E /* PushableButton.swift in Sources */,
			);
			runOnlyForDeploymentPostprocessing = 0;
		};
/* End PBXSourcesBuildPhase section */

/* Begin PBXVariantGroup section */
		A645D47929EE333800B8170E /* Main.storyboard */ = {
			isa = PBXVariantGroup;
			children = (
				A645D47A29EE333800B8170E /* Base */,
			);
			name = Main.storyboard;
			sourceTree = "<group>";
		};
		A645D47E29EE333800B8170E /* LaunchScreen.storyboard */ = {
			isa = PBXVariantGroup;
			children = (
				A645D47F29EE333800B8170E /* Base */,
			);
			name = LaunchScreen.storyboard;
			sourceTree = "<group>";
		};
/* End PBXVariantGroup section */

/* Begin XCBuildConfiguration section */
		A645D48229EE333800B8170E /* Debug */ = {
			isa = XCBuildConfiguration;
			buildSettings = {
				ALWAYS_SEARCH_USER_PATHS = NO;
				CLANG_ANALYZER_NONNULL = YES;
				CLANG_ANALYZER_NUMBER_OBJECT_CONVERSION = YES_AGGRESSIVE;
				CLANG_CXX_LANGUAGE_STANDARD = "gnu++20";
				CLANG_ENABLE_MODULES = YES;
				CLANG_ENABLE_OBJC_ARC = YES;
				CLANG_ENABLE_OBJC_WEAK = YES;
				CLANG_WARN_BLOCK_CAPTURE_AUTORELEASING = YES;
				CLANG_WARN_BOOL_CONVERSION = YES;
				CLANG_WARN_COMMA = YES;
				CLANG_WARN_CONSTANT_CONVERSION = YES;
				CLANG_WARN_DEPRECATED_OBJC_IMPLEMENTATIONS = YES;
				CLANG_WARN_DIRECT_OBJC_ISA_USAGE = YES_ERROR;
				CLANG_WARN_DOCUMENTATION_COMMENTS = YES;
				CLANG_WARN_EMPTY_BODY = YES;
				CLANG_WARN_ENUM_CONVERSION = YES;
				CLANG_WARN_INFINITE_RECURSION = YES;
				CLANG_WARN_INT_CONVERSION = YES;
				CLANG_WARN_NON_LITERAL_NULL_CONVERSION = YES;
				CLANG_WARN_OBJC_IMPLICIT_RETAIN_SELF = YES;
				CLANG_WARN_OBJC_LITERAL_CONVERSION = YES;
				CLANG_WARN_OBJC_ROOT_CLASS = YES_ERROR;
				CLANG_WARN_QUOTED_INCLUDE_IN_FRAMEWORK_HEADER = YES;
				CLANG_WARN_RANGE_LOOP_ANALYSIS = YES;
				CLANG_WARN_STRICT_PROTOTYPES = YES;
				CLANG_WARN_SUSPICIOUS_MOVE = YES;
				CLANG_WARN_UNGUARDED_AVAILABILITY = YES_AGGRESSIVE;
				CLANG_WARN_UNREACHABLE_CODE = YES;
				CLANG_WARN__DUPLICATE_METHOD_MATCH = YES;
				COPY_PHASE_STRIP = NO;
				DEBUG_INFORMATION_FORMAT = dwarf;
				ENABLE_STRICT_OBJC_MSGSEND = YES;
				ENABLE_TESTABILITY = YES;
				GCC_C_LANGUAGE_STANDARD = gnu11;
				GCC_DYNAMIC_NO_PIC = NO;
				GCC_NO_COMMON_BLOCKS = YES;
				GCC_OPTIMIZATION_LEVEL = 0;
				GCC_PREPROCESSOR_DEFINITIONS = (
					"DEBUG=1",
					"$(inherited)",
				);
				GCC_WARN_64_TO_32_BIT_CONVERSION = YES;
				GCC_WARN_ABOUT_RETURN_TYPE = YES_ERROR;
				GCC_WARN_UNDECLARED_SELECTOR = YES;
				GCC_WARN_UNINITIALIZED_AUTOS = YES_AGGRESSIVE;
				GCC_WARN_UNUSED_FUNCTION = YES;
				GCC_WARN_UNUSED_VARIABLE = YES;
				IPHONEOS_DEPLOYMENT_TARGET = 16.4;
				MTL_ENABLE_DEBUG_INFO = INCLUDE_SOURCE;
				MTL_FAST_MATH = YES;
				ONLY_ACTIVE_ARCH = YES;
				SDKROOT = iphoneos;
				SWIFT_ACTIVE_COMPILATION_CONDITIONS = DEBUG;
				SWIFT_OPTIMIZATION_LEVEL = "-Onone";
			};
			name = Debug;
		};
		A645D48329EE333800B8170E /* Release */ = {
			isa = XCBuildConfiguration;
			buildSettings = {
				ALWAYS_SEARCH_USER_PATHS = NO;
				CLANG_ANALYZER_NONNULL = YES;
				CLANG_ANALYZER_NUMBER_OBJECT_CONVERSION = YES_AGGRESSIVE;
				CLANG_CXX_LANGUAGE_STANDARD = "gnu++20";
				CLANG_ENABLE_MODULES = YES;
				CLANG_ENABLE_OBJC_ARC = YES;
				CLANG_ENABLE_OBJC_WEAK = YES;
				CLANG_WARN_BLOCK_CAPTURE_AUTORELEASING = YES;
				CLANG_WARN_BOOL_CONVERSION = YES;
				CLANG_WARN_COMMA = YES;
				CLANG_WARN_CONSTANT_CONVERSION = YES;
				CLANG_WARN_DEPRECATED_OBJC_IMPLEMENTATIONS = YES;
				CLANG_WARN_DIRECT_OBJC_ISA_USAGE = YES_ERROR;
				CLANG_WARN_DOCUMENTATION_COMMENTS = YES;
				CLANG_WARN_EMPTY_BODY = YES;
				CLANG_WARN_ENUM_CONVERSION = YES;
				CLANG_WARN_INFINITE_RECURSION = YES;
				CLANG_WARN_INT_CONVERSION = YES;
				CLANG_WARN_NON_LITERAL_NULL_CONVERSION = YES;
				CLANG_WARN_OBJC_IMPLICIT_RETAIN_SELF = YES;
				CLANG_WARN_OBJC_LITERAL_CONVERSION = YES;
				CLANG_WARN_OBJC_ROOT_CLASS = YES_ERROR;
				CLANG_WARN_QUOTED_INCLUDE_IN_FRAMEWORK_HEADER = YES;
				CLANG_WARN_RANGE_LOOP_ANALYSIS = YES;
				CLANG_WARN_STRICT_PROTOTYPES = YES;
				CLANG_WARN_SUSPICIOUS_MOVE = YES;
				CLANG_WARN_UNGUARDED_AVAILABILITY = YES_AGGRESSIVE;
				CLANG_WARN_UNREACHABLE_CODE = YES;
				CLANG_WARN__DUPLICATE_METHOD_MATCH = YES;
				COPY_PHASE_STRIP = NO;
				DEBUG_INFORMATION_FORMAT = "dwarf-with-dsym";
				ENABLE_NS_ASSERTIONS = NO;
				ENABLE_STRICT_OBJC_MSGSEND = YES;
				GCC_C_LANGUAGE_STANDARD = gnu11;
				GCC_NO_COMMON_BLOCKS = YES;
				GCC_WARN_64_TO_32_BIT_CONVERSION = YES;
				GCC_WARN_ABOUT_RETURN_TYPE = YES_ERROR;
				GCC_WARN_UNDECLARED_SELECTOR = YES;
				GCC_WARN_UNINITIALIZED_AUTOS = YES_AGGRESSIVE;
				GCC_WARN_UNUSED_FUNCTION = YES;
				GCC_WARN_UNUSED_VARIABLE = YES;
				IPHONEOS_DEPLOYMENT_TARGET = 16.4;
				MTL_ENABLE_DEBUG_INFO = NO;
				MTL_FAST_MATH = YES;
				SDKROOT = iphoneos;
				SWIFT_COMPILATION_MODE = wholemodule;
				SWIFT_OPTIMIZATION_LEVEL = "-O";
				VALIDATE_PRODUCT = YES;
			};
			name = Release;
		};
		A645D48529EE333800B8170E /* Debug */ = {
			isa = XCBuildConfiguration;
			buildSettings = {
				ASSETCATALOG_COMPILER_APPICON_NAME = AppIcon;
				ASSETCATALOG_COMPILER_GLOBAL_ACCENT_COLOR_NAME = AccentColor;
				CODE_SIGN_STYLE = Automatic;
				CURRENT_PROJECT_VERSION = 1;
				DEVELOPMENT_TEAM = Q7RTLG93ZX;
				GENERATE_INFOPLIST_FILE = YES;
				INFOPLIST_FILE = rich04/Info.plist;
				INFOPLIST_KEY_UIApplicationSupportsIndirectInputEvents = YES;
				INFOPLIST_KEY_UILaunchStoryboardName = LaunchScreen;
				INFOPLIST_KEY_UIMainStoryboardFile = Main;
				INFOPLIST_KEY_UISupportedInterfaceOrientations_iPad = "UIInterfaceOrientationPortrait UIInterfaceOrientationPortraitUpsideDown UIInterfaceOrientationLandscapeLeft UIInterfaceOrientationLandscapeRight";
				INFOPLIST_KEY_UISupportedInterfaceOrientations_iPhone = "UIInterfaceOrientationPortrait UIInterfaceOrientationLandscapeLeft UIInterfaceOrientationLandscapeRight";
				LD_RUNPATH_SEARCH_PATHS = (
					"$(inherited)",
					"@executable_path/Frameworks",
				);
				MARKETING_VERSION = 1.0;
				PRODUCT_BUNDLE_IDENTIFIER = com.kakimoto.rich04;
				PRODUCT_NAME = "$(TARGET_NAME)";
				SWIFT_EMIT_LOC_STRINGS = YES;
				SWIFT_VERSION = 5.0;
				TARGETED_DEVICE_FAMILY = "1,2";
			};
			name = Debug;
		};
		A645D48629EE333800B8170E /* Release */ = {
			isa = XCBuildConfiguration;
			buildSettings = {
				ASSETCATALOG_COMPILER_APPICON_NAME = AppIcon;
				ASSETCATALOG_COMPILER_GLOBAL_ACCENT_COLOR_NAME = AccentColor;
				CODE_SIGN_STYLE = Automatic;
				CURRENT_PROJECT_VERSION = 1;
				DEVELOPMENT_TEAM = Q7RTLG93ZX;
				GENERATE_INFOPLIST_FILE = YES;
				INFOPLIST_FILE = rich04/Info.plist;
				INFOPLIST_KEY_UIApplicationSupportsIndirectInputEvents = YES;
				INFOPLIST_KEY_UILaunchStoryboardName = LaunchScreen;
				INFOPLIST_KEY_UIMainStoryboardFile = Main;
				INFOPLIST_KEY_UISupportedInterfaceOrientations_iPad = "UIInterfaceOrientationPortrait UIInterfaceOrientationPortraitUpsideDown UIInterfaceOrientationLandscapeLeft UIInterfaceOrientationLandscapeRight";
				INFOPLIST_KEY_UISupportedInterfaceOrientations_iPhone = "UIInterfaceOrientationPortrait UIInterfaceOrientationLandscapeLeft UIInterfaceOrientationLandscapeRight";
				LD_RUNPATH_SEARCH_PATHS = (
					"$(inherited)",
					"@executable_path/Frameworks",
				);
				MARKETING_VERSION = 1.0;
				PRODUCT_BUNDLE_IDENTIFIER = com.kakimoto.rich04;
				PRODUCT_NAME = "$(TARGET_NAME)";
				SWIFT_EMIT_LOC_STRINGS = YES;
				SWIFT_VERSION = 5.0;
				TARGETED_DEVICE_FAMILY = "1,2";
			};
			name = Release;
		};
/* End XCBuildConfiguration section */

/* Begin XCConfigurationList section */
		A645D46B29EE333800B8170E /* Build configuration list for PBXProject "rich04" */ = {
			isa = XCConfigurationList;
			buildConfigurations = (
				A645D48229EE333800B8170E /* Debug */,
				A645D48329EE333800B8170E /* Release */,
			);
			defaultConfigurationIsVisible = 0;
			defaultConfigurationName = Release;
		};
		A645D48429EE333800B8170E /* Build configuration list for PBXNativeTarget "rich04" */ = {
			isa = XCConfigurationList;
			buildConfigurations = (
				A645D48529EE333800B8170E /* Debug */,
				A645D48629EE333800B8170E /* Release */,
			);
			defaultConfigurationIsVisible = 0;
			defaultConfigurationName = Release;
		};
/* End XCConfigurationList section */
	};
	rootObject = A645D46829EE333800B8170E /* Project object */;
}
